{
  "name": "validate",
  "version": "1.0.0",
  "lockfileVersion": 1,
  "requires": true,
  "dependencies": {
    "jsonschema": {
      "version": "1.2.6",
      "resolved": "https://registry.npmjs.org/jsonschema/-/jsonschema-1.2.6.tgz",
      "integrity": "sha512-SqhURKZG07JyKKeo/ir24QnS4/BV7a6gQy93bUSe4lUdNp0QNpIz2c9elWJQ9dpc5cQYY6cvCzgRwy0MQCLyqA=="
    },
    "marked": {
      "version": "1.1.1",
      "resolved": "https://registry.npmjs.org/marked/-/marked-1.1.1.tgz",
      "integrity": "sha512-mJzT8D2yPxoPh7h0UXkB+dBj4FykPJ2OIfxAWeIHrvoHDkFxukV/29QxoFQoPM6RLEwhIFdJpmKBlqVM3s2ZIw=="
    }
  }
}
